
Microsoft Visual Studio Solution File, Format Version 12.00
# Visual Studio Version 17
VisualStudioVersion = 17.11.35303.130
MinimumVisualStudioVersion = 10.0.40219.1
Project("{2150E333-8FDC-42A3-9474-1A3956D46DE8}") = "Task0", "Task0", "{24B4B535-E92A-4CA6-BF05-69F5F000003A}"
EndProject
Project("{FAE04EC0-301F-11D3-BF4B-00C04F79EFBC}") = "Tyuiu.BuyanovaVI.Sprint3.Task0.V13", "Tyuiu.BuyanovaVI.Sprint3.Task0.V13\Tyuiu.BuyanovaVI.Sprint3.Task0.V13.csproj", "{FE9DB2C1-CB59-4C3F-B7D7-8654A70753CB}"
EndProject
Project("{FAE04EC0-301F-11D3-BF4B-00C04F79EFBC}") = "Tyuiu.BuyanovaVI.Sprint3.Task0.V13.Lib", "Tyuiu.BuyanovaVI.Sprint3.Task0.V13.Lib\Tyuiu.BuyanovaVI.Sprint3.Task0.V13.Lib.csproj", "{B835681F-05BA-4ACE-BA96-226F70291EF0}"
EndProject
Project("{FAE04EC0-301F-11D3-BF4B-00C04F79EFBC}") = "Tyuiu.BuyanovaVI.Sprint3.Task0.V13.Test", "Tyuiu.BuyanovaVI.Sprint3.Task0.V13.Test\Tyuiu.BuyanovaVI.Sprint3.Task0.V13.Test.csproj", "{1418C731-0274-4C9A-81D0-82257A6008A4}"
EndProject
Project("{2150E333-8FDC-42A3-9474-1A3956D46DE8}") = "Task1", "Task1", "{BE97A305-B322-45DB-A3E8-3D6BB8B5E368}"
EndProject
Project("{FAE04EC0-301F-11D3-BF4B-00C04F79EFBC}") = "Tyuiu.BuyanovaVI.Sprint3.Task1.V21", "Tyuiu.BuyanovaVI.Sprint3.Task1.V21\Tyuiu.BuyanovaVI.Sprint3.Task1.V21.csproj", "{DB5F18C2-7ED3-4F05-A42E-18C2AA81791A}"
EndProject
Project("{FAE04EC0-301F-11D3-BF4B-00C04F79EFBC}") = "Tyuiu.BuyanovaVI.Sprint3.Task1.V21.Lib", "Tyuiu.BuyanovaVI.Sprint3.Task1.V21.Lib\Tyuiu.BuyanovaVI.Sprint3.Task1.V21.Lib.csproj", "{E444ACE3-593C-4390-BBCF-71A1EACA483B}"
EndProject
Project("{FAE04EC0-301F-11D3-BF4B-00C04F79EFBC}") = "Tyuiu.BuyanovaVI.Sprint3.Task1.V21.Test", "Tyuiu.BuyanovaVI.Sprint3.Task1.V21.Test\Tyuiu.BuyanovaVI.Sprint3.Task1.V21.Test.csproj", "{F3E6508D-1792-446D-B040-36D45A1000FB}"
EndProject
Project("{2150E333-8FDC-42A3-9474-1A3956D46DE8}") = "Task2", "Task2", "{16B1739D-48AD-41F4-950E-B2CFC78D2F95}"
EndProject
Project("{FAE04EC0-301F-11D3-BF4B-00C04F79EFBC}") = "Tyuiu.BuyanovaVI.Sprint3.Task2.V29", "Tyuiu.BuyanovaVI.Sprint3.Task2.V29\Tyuiu.BuyanovaVI.Sprint3.Task2.V29.csproj", "{8E5CD1F3-1156-4B78-B719-AB4F58BAD3F9}"
EndProject
Project("{FAE04EC0-301F-11D3-BF4B-00C04F79EFBC}") = "Tyuiu.BuyanovaVI.Sprint3.Task2.V29.Lib", "Tyuiu.BuyanovaVI.Sprint3.Task2.V29.Lib\Tyuiu.BuyanovaVI.Sprint3.Task2.V29.Lib.csproj", "{1B2A441A-3232-41E7-AB1F-FD44D3A69AF8}"
EndProject
Project("{FAE04EC0-301F-11D3-BF4B-00C04F79EFBC}") = "Tyuiu.BuyanovaVI.Sprint3.Task2.V29.Test", "Tyuiu.BuyanovaVI.Sprint3.Task2.V29.Test\Tyuiu.BuyanovaVI.Sprint3.Task2.V29.Test.csproj", "{8C6EC25C-95F1-46D2-8921-B7F791169231}"
EndProject
Project("{2150E333-8FDC-42A3-9474-1A3956D46DE8}") = "Task3", "Task3", "{EA0BC0C9-6EB5-40BE-95CB-D800AF7548FA}"
EndProject
Project("{FAE04EC0-301F-11D3-BF4B-00C04F79EFBC}") = "Tyuiu.BuyanovaVI.Sprint3.Task3.V7", "Tyuiu.BuyanovaVI.Sprint3.Task3.V7\Tyuiu.BuyanovaVI.Sprint3.Task3.V7.csproj", "{07D7E298-1ADD-446F-840D-39DA3C0FEB9D}"
EndProject
Project("{FAE04EC0-301F-11D3-BF4B-00C04F79EFBC}") = "Tyuiu.BuyanovaVI.Sprint3.Task3.V7.Lib", "Tyuiu.BuyanovaVI.Sprint3.Task3.V7.Lib\Tyuiu.BuyanovaVI.Sprint3.Task3.V7.Lib.csproj", "{EEA3F8C8-0B08-4199-90CE-038FD0CCA451}"
EndProject
Project("{FAE04EC0-301F-11D3-BF4B-00C04F79EFBC}") = "Tyuiu.BuyanovaVI.Sprint3.Task3.V7.Test", "Tyuiu.BuyanovaVI.Sprint3.Task3.V7.Test\Tyuiu.BuyanovaVI.Sprint3.Task3.V7.Test.csproj", "{B740BEE3-14BE-43DA-95E5-9BE24933C2E9}"
EndProject
Project("{2150E333-8FDC-42A3-9474-1A3956D46DE8}") = "Task4", "Task4", "{3219A116-B879-4995-804C-02B4CE914B92}"
EndProject
Project("{FAE04EC0-301F-11D3-BF4B-00C04F79EFBC}") = "Tyuiu.BuyanovaVI.Sprint3.Task4.V8", "Tyuiu.BuyanovaVI.Sprint3.Task4.V8\Tyuiu.BuyanovaVI.Sprint3.Task4.V8.csproj", "{3310C558-44FB-48E9-A838-CD8526FBA7D9}"
EndProject
Project("{FAE04EC0-301F-11D3-BF4B-00C04F79EFBC}") = "Tyuiu.BuyanovaVI.Sprint3.Task4.V8.Lib", "Tyuiu.BuyanovaVI.Sprint3.Task4.V8.Lib\Tyuiu.BuyanovaVI.Sprint3.Task4.V8.Lib.csproj", "{23790E09-ED09-4E6F-A4F1-08E8FD665E46}"
EndProject
Project("{FAE04EC0-301F-11D3-BF4B-00C04F79EFBC}") = "Tyuiu.BuyanovaVI.Sprint3.Task4.V8.Test", "Tyuiu.BuyanovaVI.Sprint3.Task4.V8.Test\Tyuiu.BuyanovaVI.Sprint3.Task4.V8.Test.csproj", "{5E1988E2-1E1F-4F8B-8C3E-D3C545DD008C}"
EndProject
Project("{2150E333-8FDC-42A3-9474-1A3956D46DE8}") = "Task5", "Task5", "{AF653A63-7A94-4820-A0B0-8D537961786F}"
EndProject
Project("{FAE04EC0-301F-11D3-BF4B-00C04F79EFBC}") = "Tyuiu.BuyanovaVI.Sprint3.Task5.V24", "Tyuiu.BuyanovaVI.Sprint3.Task5.V24\Tyuiu.BuyanovaVI.Sprint3.Task5.V24.csproj", "{D4B8F7DB-92B3-46B7-8124-E94B44BBFA0B}"
EndProject
Project("{FAE04EC0-301F-11D3-BF4B-00C04F79EFBC}") = "Tyuiu.BuyanovaVI.Sprint3.Task5.V24.Lib", "Tyuiu.BuyanovaVI.Sprint3.Task5.V24.Lib\Tyuiu.BuyanovaVI.Sprint3.Task5.V24.Lib.csproj", "{76B02064-5900-4A78-82BD-74F3C32C68D7}"
EndProject
Project("{FAE04EC0-301F-11D3-BF4B-00C04F79EFBC}") = "Tyuiu.BuyanovaVI.Sprint3.Task5.V24.Test", "Tyuiu.BuyanovaVI.Sprint3.Task5.V24.Test\Tyuiu.BuyanovaVI.Sprint3.Task5.V24.Test.csproj", "{41E9D65A-3A33-4E77-B3C9-6BE57271F222}"
EndProject
Project("{2150E333-8FDC-42A3-9474-1A3956D46DE8}") = "Task6", "Task6", "{A3D2D815-A18A-4223-BEDC-A15D6015AE51}"
EndProject
Project("{FAE04EC0-301F-11D3-BF4B-00C04F79EFBC}") = "Tyuiu.BuyanovaVI.Sprint3.Task6.V29", "Tyuiu.BuyanovaVI.Sprint3.Task6.V29\Tyuiu.BuyanovaVI.Sprint3.Task6.V29.csproj", "{8BCB2922-7868-4152-9459-B7BA0596EE0D}"
EndProject
Project("{FAE04EC0-301F-11D3-BF4B-00C04F79EFBC}") = "Tyuiu.BuyanovaVI.Sprint3.Task6.V29.Lib", "Tyuiu.BuyanovaVI.Sprint3.Task6.V29.Lib\Tyuiu.BuyanovaVI.Sprint3.Task6.V29.Lib.csproj", "{422F8346-D483-462B-90A9-464D4C9B408B}"
EndProject
Project("{FAE04EC0-301F-11D3-BF4B-00C04F79EFBC}") = "Tyuiu.BuyanovaVI.Sprint3.Task6.V29.Test", "Tyuiu.BuyanovaVI.Sprint3.Task6.V29.Test\Tyuiu.BuyanovaVI.Sprint3.Task6.V29.Test.csproj", "{F0AF757F-4C3A-40A9-AB27-A4D8023D7A86}"
EndProject
Project("{2150E333-8FDC-42A3-9474-1A3956D46DE8}") = "Task7", "Task7", "{F3A5A15A-F4CD-40D6-AA53-4DF833B9D717}"
EndProject
Project("{FAE04EC0-301F-11D3-BF4B-00C04F79EFBC}") = "Tyuiu.BuyanovaVI.Sprint3.Task7.V18", "Tyuiu.BuyanovaVI.Sprint3.Task7.V18\Tyuiu.BuyanovaVI.Sprint3.Task7.V18.csproj", "{6E999ACB-FF34-4489-9756-A7462887127E}"
EndProject
Project("{FAE04EC0-301F-11D3-BF4B-00C04F79EFBC}") = "Tyuiu.BuyanovaVI.Sprint3.Task7.V18.Lib", "Tyuiu.BuyanovaVI.Sprint3.Task7.V18.Lib\Tyuiu.BuyanovaVI.Sprint3.Task7.V18.Lib.csproj", "{0AA672DC-E30A-4F8A-AB07-EEC929E1FAB3}"
EndProject
Project("{FAE04EC0-301F-11D3-BF4B-00C04F79EFBC}") = "Tyuiu.BuyanovaVI.Sprint3.Task7.V18.Test", "Tyuiu.BuyanovaVI.Sprint3.Task7.V18.Test\Tyuiu.BuyanovaVI.Sprint3.Task7.V18.Test.csproj", "{D355C4B4-A9A6-4766-958B-EBF7473FE663}"
EndProject
Global
	GlobalSection(SolutionConfigurationPlatforms) = preSolution
		Debug|Any CPU = Debug|Any CPU
		Release|Any CPU = Release|Any CPU
	EndGlobalSection
	GlobalSection(ProjectConfigurationPlatforms) = postSolution
		{FE9DB2C1-CB59-4C3F-B7D7-8654A70753CB}.Debug|Any CPU.ActiveCfg = Debug|Any CPU
		{FE9DB2C1-CB59-4C3F-B7D7-8654A70753CB}.Debug|Any CPU.Build.0 = Debug|Any CPU
		{FE9DB2C1-CB59-4C3F-B7D7-8654A70753CB}.Release|Any CPU.ActiveCfg = Release|Any CPU
		{FE9DB2C1-CB59-4C3F-B7D7-8654A70753CB}.Release|Any CPU.Build.0 = Release|Any CPU
		{B835681F-05BA-4ACE-BA96-226F70291EF0}.Debug|Any CPU.ActiveCfg = Debug|Any CPU
		{B835681F-05BA-4ACE-BA96-226F70291EF0}.Debug|Any CPU.Build.0 = Debug|Any CPU
		{B835681F-05BA-4ACE-BA96-226F70291EF0}.Release|Any CPU.ActiveCfg = Release|Any CPU
		{B835681F-05BA-4ACE-BA96-226F70291EF0}.Release|Any CPU.Build.0 = Release|Any CPU
		{1418C731-0274-4C9A-81D0-82257A6008A4}.Debug|Any CPU.ActiveCfg = Debug|Any CPU
		{1418C731-0274-4C9A-81D0-82257A6008A4}.Debug|Any CPU.Build.0 = Debug|Any CPU
		{1418C731-0274-4C9A-81D0-82257A6008A4}.Release|Any CPU.ActiveCfg = Release|Any CPU
		{1418C731-0274-4C9A-81D0-82257A6008A4}.Release|Any CPU.Build.0 = Release|Any CPU
		{DB5F18C2-7ED3-4F05-A42E-18C2AA81791A}.Debug|Any CPU.ActiveCfg = Debug|Any CPU
		{DB5F18C2-7ED3-4F05-A42E-18C2AA81791A}.Debug|Any CPU.Build.0 = Debug|Any CPU
		{DB5F18C2-7ED3-4F05-A42E-18C2AA81791A}.Release|Any CPU.ActiveCfg = Release|Any CPU
		{DB5F18C2-7ED3-4F05-A42E-18C2AA81791A}.Release|Any CPU.Build.0 = Release|Any CPU
		{E444ACE3-593C-4390-BBCF-71A1EACA483B}.Debug|Any CPU.ActiveCfg = Debug|Any CPU
		{E444ACE3-593C-4390-BBCF-71A1EACA483B}.Debug|Any CPU.Build.0 = Debug|Any CPU
		{E444ACE3-593C-4390-BBCF-71A1EACA483B}.Release|Any CPU.ActiveCfg = Release|Any CPU
		{E444ACE3-593C-4390-BBCF-71A1EACA483B}.Release|Any CPU.Build.0 = Release|Any CPU
		{F3E6508D-1792-446D-B040-36D45A1000FB}.Debug|Any CPU.ActiveCfg = Debug|Any CPU
		{F3E6508D-1792-446D-B040-36D45A1000FB}.Debug|Any CPU.Build.0 = Debug|Any CPU
		{F3E6508D-1792-446D-B040-36D45A1000FB}.Release|Any CPU.ActiveCfg = Release|Any CPU
		{F3E6508D-1792-446D-B040-36D45A1000FB}.Release|Any CPU.Build.0 = Release|Any CPU
		{8E5CD1F3-1156-4B78-B719-AB4F58BAD3F9}.Debug|Any CPU.ActiveCfg = Debug|Any CPU
		{8E5CD1F3-1156-4B78-B719-AB4F58BAD3F9}.Debug|Any CPU.Build.0 = Debug|Any CPU
		{8E5CD1F3-1156-4B78-B719-AB4F58BAD3F9}.Release|Any CPU.ActiveCfg = Release|Any CPU
		{8E5CD1F3-1156-4B78-B719-AB4F58BAD3F9}.Release|Any CPU.Build.0 = Release|Any CPU
		{1B2A441A-3232-41E7-AB1F-FD44D3A69AF8}.Debug|Any CPU.ActiveCfg = Debug|Any CPU
		{1B2A441A-3232-41E7-AB1F-FD44D3A69AF8}.Debug|Any CPU.Build.0 = Debug|Any CPU
		{1B2A441A-3232-41E7-AB1F-FD44D3A69AF8}.Release|Any CPU.ActiveCfg = Release|Any CPU
		{1B2A441A-3232-41E7-AB1F-FD44D3A69AF8}.Release|Any CPU.Build.0 = Release|Any CPU
		{8C6EC25C-95F1-46D2-8921-B7F791169231}.Debug|Any CPU.ActiveCfg = Debug|Any CPU
		{8C6EC25C-95F1-46D2-8921-B7F791169231}.Debug|Any CPU.Build.0 = Debug|Any CPU
		{8C6EC25C-95F1-46D2-8921-B7F791169231}.Release|Any CPU.ActiveCfg = Release|Any CPU
		{8C6EC25C-95F1-46D2-8921-B7F791169231}.Release|Any CPU.Build.0 = Release|Any CPU
		{07D7E298-1ADD-446F-840D-39DA3C0FEB9D}.Debug|Any CPU.ActiveCfg = Debug|Any CPU
		{07D7E298-1ADD-446F-840D-39DA3C0FEB9D}.Debug|Any CPU.Build.0 = Debug|Any CPU
		{07D7E298-1ADD-446F-840D-39DA3C0FEB9D}.Release|Any CPU.ActiveCfg = Release|Any CPU
		{07D7E298-1ADD-446F-840D-39DA3C0FEB9D}.Release|Any CPU.Build.0 = Release|Any CPU
		{EEA3F8C8-0B08-4199-90CE-038FD0CCA451}.Debug|Any CPU.ActiveCfg = Debug|Any CPU
		{EEA3F8C8-0B08-4199-90CE-038FD0CCA451}.Debug|Any CPU.Build.0 = Debug|Any CPU
		{EEA3F8C8-0B08-4199-90CE-038FD0CCA451}.Release|Any CPU.ActiveCfg = Release|Any CPU
		{EEA3F8C8-0B08-4199-90CE-038FD0CCA451}.Release|Any CPU.Build.0 = Release|Any CPU
		{B740BEE3-14BE-43DA-95E5-9BE24933C2E9}.Debug|Any CPU.ActiveCfg = Debug|Any CPU
		{B740BEE3-14BE-43DA-95E5-9BE24933C2E9}.Debug|Any CPU.Build.0 = Debug|Any CPU
		{B740BEE3-14BE-43DA-95E5-9BE24933C2E9}.Release|Any CPU.ActiveCfg = Release|Any CPU
		{B740BEE3-14BE-43DA-95E5-9BE24933C2E9}.Release|Any CPU.Build.0 = Release|Any CPU
		{3310C558-44FB-48E9-A838-CD8526FBA7D9}.Debug|Any CPU.ActiveCfg = Debug|Any CPU
		{3310C558-44FB-48E9-A838-CD8526FBA7D9}.Debug|Any CPU.Build.0 = Debug|Any CPU
		{3310C558-44FB-48E9-A838-CD8526FBA7D9}.Release|Any CPU.ActiveCfg = Release|Any CPU
		{3310C558-44FB-48E9-A838-CD8526FBA7D9}.Release|Any CPU.Build.0 = Release|Any CPU
		{23790E09-ED09-4E6F-A4F1-08E8FD665E46}.Debug|Any CPU.ActiveCfg = Debug|Any CPU
		{23790E09-ED09-4E6F-A4F1-08E8FD665E46}.Debug|Any CPU.Build.0 = Debug|Any CPU
		{23790E09-ED09-4E6F-A4F1-08E8FD665E46}.Release|Any CPU.ActiveCfg = Release|Any CPU
		{23790E09-ED09-4E6F-A4F1-08E8FD665E46}.Release|Any CPU.Build.0 = Release|Any CPU
		{5E1988E2-1E1F-4F8B-8C3E-D3C545DD008C}.Debug|Any CPU.ActiveCfg = Debug|Any CPU
		{5E1988E2-1E1F-4F8B-8C3E-D3C545DD008C}.Debug|Any CPU.Build.0 = Debug|Any CPU
		{5E1988E2-1E1F-4F8B-8C3E-D3C545DD008C}.Release|Any CPU.ActiveCfg = Release|Any CPU
		{5E1988E2-1E1F-4F8B-8C3E-D3C545DD008C}.Release|Any CPU.Build.0 = Release|Any CPU
		{D4B8F7DB-92B3-46B7-8124-E94B44BBFA0B}.Debug|Any CPU.ActiveCfg = Debug|Any CPU
		{D4B8F7DB-92B3-46B7-8124-E94B44BBFA0B}.Debug|Any CPU.Build.0 = Debug|Any CPU
		{D4B8F7DB-92B3-46B7-8124-E94B44BBFA0B}.Release|Any CPU.ActiveCfg = Release|Any CPU
		{D4B8F7DB-92B3-46B7-8124-E94B44BBFA0B}.Release|Any CPU.Build.0 = Release|Any CPU
		{76B02064-5900-4A78-82BD-74F3C32C68D7}.Debug|Any CPU.ActiveCfg = Debug|Any CPU
		{76B02064-5900-4A78-82BD-74F3C32C68D7}.Debug|Any CPU.Build.0 = Debug|Any CPU
		{76B02064-5900-4A78-82BD-74F3C32C68D7}.Release|Any CPU.ActiveCfg = Release|Any CPU
		{76B02064-5900-4A78-82BD-74F3C32C68D7}.Release|Any CPU.Build.0 = Release|Any CPU
		{41E9D65A-3A33-4E77-B3C9-6BE57271F222}.Debug|Any CPU.ActiveCfg = Debug|Any CPU
		{41E9D65A-3A33-4E77-B3C9-6BE57271F222}.Debug|Any CPU.Build.0 = Debug|Any CPU
		{41E9D65A-3A33-4E77-B3C9-6BE57271F222}.Release|Any CPU.ActiveCfg = Release|Any CPU
		{41E9D65A-3A33-4E77-B3C9-6BE57271F222}.Release|Any CPU.Build.0 = Release|Any CPU
		{8BCB2922-7868-4152-9459-B7BA0596EE0D}.Debug|Any CPU.ActiveCfg = Debug|Any CPU
		{8BCB2922-7868-4152-9459-B7BA0596EE0D}.Debug|Any CPU.Build.0 = Debug|Any CPU
		{8BCB2922-7868-4152-9459-B7BA0596EE0D}.Release|Any CPU.ActiveCfg = Release|Any CPU
		{8BCB2922-7868-4152-9459-B7BA0596EE0D}.Release|Any CPU.Build.0 = Release|Any CPU
		{422F8346-D483-462B-90A9-464D4C9B408B}.Debug|Any CPU.ActiveCfg = Debug|Any CPU
		{422F8346-D483-462B-90A9-464D4C9B408B}.Debug|Any CPU.Build.0 = Debug|Any CPU
		{422F8346-D483-462B-90A9-464D4C9B408B}.Release|Any CPU.ActiveCfg = Release|Any CPU
		{422F8346-D483-462B-90A9-464D4C9B408B}.Release|Any CPU.Build.0 = Release|Any CPU
		{F0AF757F-4C3A-40A9-AB27-A4D8023D7A86}.Debug|Any CPU.ActiveCfg = Debug|Any CPU
		{F0AF757F-4C3A-40A9-AB27-A4D8023D7A86}.Debug|Any CPU.Build.0 = Debug|Any CPU
		{F0AF757F-4C3A-40A9-AB27-A4D8023D7A86}.Release|Any CPU.ActiveCfg = Release|Any CPU
		{F0AF757F-4C3A-40A9-AB27-A4D8023D7A86}.Release|Any CPU.Build.0 = Release|Any CPU
		{6E999ACB-FF34-4489-9756-A7462887127E}.Debug|Any CPU.ActiveCfg = Debug|Any CPU
		{6E999ACB-FF34-4489-9756-A7462887127E}.Debug|Any CPU.Build.0 = Debug|Any CPU
		{6E999ACB-FF34-4489-9756-A7462887127E}.Release|Any CPU.ActiveCfg = Release|Any CPU
		{6E999ACB-FF34-4489-9756-A7462887127E}.Release|Any CPU.Build.0 = Release|Any CPU
		{0AA672DC-E30A-4F8A-AB07-EEC929E1FAB3}.Debug|Any CPU.ActiveCfg = Debug|Any CPU
		{0AA672DC-E30A-4F8A-AB07-EEC929E1FAB3}.Debug|Any CPU.Build.0 = Debug|Any CPU
		{0AA672DC-E30A-4F8A-AB07-EEC929E1FAB3}.Release|Any CPU.ActiveCfg = Release|Any CPU
		{0AA672DC-E30A-4F8A-AB07-EEC929E1FAB3}.Release|Any CPU.Build.0 = Release|Any CPU
		{D355C4B4-A9A6-4766-958B-EBF7473FE663}.Debug|Any CPU.ActiveCfg = Debug|Any CPU
		{D355C4B4-A9A6-4766-958B-EBF7473FE663}.Debug|Any CPU.Build.0 = Debug|Any CPU
		{D355C4B4-A9A6-4766-958B-EBF7473FE663}.Release|Any CPU.ActiveCfg = Release|Any CPU
		{D355C4B4-A9A6-4766-958B-EBF7473FE663}.Release|Any CPU.Build.0 = Release|Any CPU
	EndGlobalSection
	GlobalSection(SolutionProperties) = preSolution
		HideSolutionNode = FALSE
	EndGlobalSection
	GlobalSection(NestedProjects) = preSolution
		{FE9DB2C1-CB59-4C3F-B7D7-8654A70753CB} = {24B4B535-E92A-4CA6-BF05-69F5F000003A}
		{B835681F-05BA-4ACE-BA96-226F70291EF0} = {24B4B535-E92A-4CA6-BF05-69F5F000003A}
		{1418C731-0274-4C9A-81D0-82257A6008A4} = {24B4B535-E92A-4CA6-BF05-69F5F000003A}
		{DB5F18C2-7ED3-4F05-A42E-18C2AA81791A} = {BE97A305-B322-45DB-A3E8-3D6BB8B5E368}
		{E444ACE3-593C-4390-BBCF-71A1EACA483B} = {BE97A305-B322-45DB-A3E8-3D6BB8B5E368}
		{F3E6508D-1792-446D-B040-36D45A1000FB} = {BE97A305-B322-45DB-A3E8-3D6BB8B5E368}
		{8E5CD1F3-1156-4B78-B719-AB4F58BAD3F9} = {16B1739D-48AD-41F4-950E-B2CFC78D2F95}
		{1B2A441A-3232-41E7-AB1F-FD44D3A69AF8} = {16B1739D-48AD-41F4-950E-B2CFC78D2F95}
		{8C6EC25C-95F1-46D2-8921-B7F791169231} = {16B1739D-48AD-41F4-950E-B2CFC78D2F95}
		{07D7E298-1ADD-446F-840D-39DA3C0FEB9D} = {EA0BC0C9-6EB5-40BE-95CB-D800AF7548FA}
		{EEA3F8C8-0B08-4199-90CE-038FD0CCA451} = {EA0BC0C9-6EB5-40BE-95CB-D800AF7548FA}
		{B740BEE3-14BE-43DA-95E5-9BE24933C2E9} = {EA0BC0C9-6EB5-40BE-95CB-D800AF7548FA}
		{3310C558-44FB-48E9-A838-CD8526FBA7D9} = {3219A116-B879-4995-804C-02B4CE914B92}
		{23790E09-ED09-4E6F-A4F1-08E8FD665E46} = {3219A116-B879-4995-804C-02B4CE914B92}
		{5E1988E2-1E1F-4F8B-8C3E-D3C545DD008C} = {3219A116-B879-4995-804C-02B4CE914B92}
		{D4B8F7DB-92B3-46B7-8124-E94B44BBFA0B} = {AF653A63-7A94-4820-A0B0-8D537961786F}
		{76B02064-5900-4A78-82BD-74F3C32C68D7} = {AF653A63-7A94-4820-A0B0-8D537961786F}
		{41E9D65A-3A33-4E77-B3C9-6BE57271F222} = {AF653A63-7A94-4820-A0B0-8D537961786F}
		{8BCB2922-7868-4152-9459-B7BA0596EE0D} = {A3D2D815-A18A-4223-BEDC-A15D6015AE51}
		{422F8346-D483-462B-90A9-464D4C9B408B} = {A3D2D815-A18A-4223-BEDC-A15D6015AE51}
		{F0AF757F-4C3A-40A9-AB27-A4D8023D7A86} = {A3D2D815-A18A-4223-BEDC-A15D6015AE51}
		{6E999ACB-FF34-4489-9756-A7462887127E} = {F3A5A15A-F4CD-40D6-AA53-4DF833B9D717}
		{0AA672DC-E30A-4F8A-AB07-EEC929E1FAB3} = {F3A5A15A-F4CD-40D6-AA53-4DF833B9D717}
		{D355C4B4-A9A6-4766-958B-EBF7473FE663} = {F3A5A15A-F4CD-40D6-AA53-4DF833B9D717}
	EndGlobalSection
	GlobalSection(ExtensibilityGlobals) = postSolution
		SolutionGuid = {60141E1B-3F46-48FA-9300-E0EF999B49BC}
	EndGlobalSection
EndGlobal
